
Microsoft Visual Studio Solution File, Format Version 12.00
# Visual Studio Version 17
VisualStudioVersion = 17.14.36203.30 d17.14
MinimumVisualStudioVersion = 10.0.40219.1
Project("{2150E333-8FDC-42A3-9474-1A3956D46DE8}") = "Services", "Services", "{02EA681E-C7D8-13C7-8484-4AC65E1B71E8}"
EndProject
Project("{2150E333-8FDC-42A3-9474-1A3956D46DE8}") = "Catalog", "Catalog", "{88A959C7-C0A0-49D1-9EDA-DA0327B592C2}"
EndProject
Project("{FAE04EC0-301F-11D3-BF4B-00C04F79EFBC}") = "MultiShop.Catalog", "Services\Catalog\MultiShop.Catalog\MultiShop.Catalog.csproj", "{A5080E73-56FD-4157-9D4B-CDE82847D737}"
EndProject
Global
	GlobalSection(SolutionConfigurationPlatforms) = preSolution
		Debug|Any CPU = Debug|Any CPU
		Release|Any CPU = Release|Any CPU
	EndGlobalSection
	GlobalSection(ProjectConfigurationPlatforms) = postSolution
		{A5080E73-56FD-4157-9D4B-CDE82847D737}.Debug|Any CPU.ActiveCfg = Debug|Any CPU
		{A5080E73-56FD-4157-9D4B-CDE82847D737}.Debug|Any CPU.Build.0 = Debug|Any CPU
		{A5080E73-56FD-4157-9D4B-CDE82847D737}.Release|Any CPU.ActiveCfg = Release|Any CPU
		{A5080E73-56FD-4157-9D4B-CDE82847D737}.Release|Any CPU.Build.0 = Release|Any CPU
	EndGlobalSection
	GlobalSection(SolutionProperties) = preSolution
		HideSolutionNode = FALSE
	EndGlobalSection
	GlobalSection(NestedProjects) = preSolution
		{88A959C7-C0A0-49D1-9EDA-DA0327B592C2} = {02EA681E-C7D8-13C7-8484-4AC65E1B71E8}
		{A5080E73-56FD-4157-9D4B-CDE82847D737} = {88A959C7-C0A0-49D1-9EDA-DA0327B592C2}
	EndGlobalSection
	GlobalSection(ExtensibilityGlobals) = postSolution
		SolutionGuid = {27524909-F0A2-4C4D-9355-C7757219BFE8}
	EndGlobalSection
EndGlobal
